// !$*UTF8*$!
{
	archiveVersion = 1;
	classes = {
	};
	objectVersion = 56;
	objects = {

/* Begin PBXBuildFile section */
		EE7DCEA0A7A8A754B4D9FDF0 /* Pods_MovieFinderApp.framework in Frameworks */ = {isa = PBXBuildFile; fileRef = 8268356E2402833E15F8C683 /* Pods_MovieFinderApp.framework */; };
		FD13C7FA2C60B048001D2046 /* Repository.swift in Sources */ = {isa = PBXBuildFile; fileRef = FD13C7F92C60B048001D2046 /* Repository.swift */; };
		FD13C7FC2C60B508001D2046 /* RealmData.swift in Sources */ = {isa = PBXBuildFile; fileRef = FD13C7FB2C60B508001D2046 /* RealmData.swift */; };
		FD3B1D862C53A37900817857 /* MovieDataService.swift in Sources */ = {isa = PBXBuildFile; fileRef = FD3B1D852C53A37900817857 /* MovieDataService.swift */; };
		FD3B1D892C53B22C00817857 /* Injection.swift in Sources */ = {isa = PBXBuildFile; fileRef = FD3B1D882C53B22C00817857 /* Injection.swift */; };
		FD4758452C57B2730048D05E /* credentials.plist in Resources */ = {isa = PBXBuildFile; fileRef = FD4758442C57B2730048D05E /* credentials.plist */; };
		FD4758492C57C9FF0048D05E /* AppDelegate.swift in Sources */ = {isa = PBXBuildFile; fileRef = FD4758482C57C9FF0048D05E /* AppDelegate.swift */; };
		FD47584C2C57D3720048D05E /* Application.swift in Sources */ = {isa = PBXBuildFile; fileRef = FD47584B2C57D3720048D05E /* Application.swift */; };
		FD53781E2C4FE7EF009E1D5A /* MovieDetail.swift in Sources */ = {isa = PBXBuildFile; fileRef = FD53781D2C4FE7EF009E1D5A /* MovieDetail.swift */; };
		FD5B48C62C5A64EC002FF763 /* APIConstants.swift in Sources */ = {isa = PBXBuildFile; fileRef = FD5B48C52C5A64EC002FF763 /* APIConstants.swift */; };
		FD5B48C82C5A7092002FF763 /* DetailViewModel.swift in Sources */ = {isa = PBXBuildFile; fileRef = FD5B48C72C5A7092002FF763 /* DetailViewModel.swift */; };
		FD5B48CB2C5A7143002FF763 /* MovieEntity.swift in Sources */ = {isa = PBXBuildFile; fileRef = FD5B48CA2C5A7143002FF763 /* MovieEntity.swift */; };
		FD5B48CE2C5A7657002FF763 /* MovieRepository.swift in Sources */ = {isa = PBXBuildFile; fileRef = FD5B48CD2C5A7657002FF763 /* MovieRepository.swift */; };
		FD5B48D02C5A82C8002FF763 /* UserToken.swift in Sources */ = {isa = PBXBuildFile; fileRef = FD5B48CF2C5A82C8002FF763 /* UserToken.swift */; };
		FD7661B62C61082900163B9C /* DateFilterView.swift in Sources */ = {isa = PBXBuildFile; fileRef = FD7661B52C61082900163B9C /* DateFilterView.swift */; };
		FD7F66412C57804000A1D264 /* ProfileViewModel.swift in Sources */ = {isa = PBXBuildFile; fileRef = FD7F66402C57804000A1D264 /* ProfileViewModel.swift */; };
		FD835CF82C4E9F76002F731F /* APIHelper.swift in Sources */ = {isa = PBXBuildFile; fileRef = FD835CF72C4E9F76002F731F /* APIHelper.swift */; };
		FD835CFD2C4EA1DC002F731F /* MovieViewModel.swift in Sources */ = {isa = PBXBuildFile; fileRef = FD835CFC2C4EA1DC002F731F /* MovieViewModel.swift */; };
		FD835D022C4EA219002F731F /* Movie.swift in Sources */ = {isa = PBXBuildFile; fileRef = FD835D012C4EA219002F731F /* Movie.swift */; };
		FD835D062C4EA491002F731F /* MovieDTO.swift in Sources */ = {isa = PBXBuildFile; fileRef = FD835D052C4EA490002F731F /* MovieDTO.swift */; };
		FD835D092C4EA726002F731F /* MovieListCard.swift in Sources */ = {isa = PBXBuildFile; fileRef = FD835D082C4EA726002F731F /* MovieListCard.swift */; };
		FD835D0B2C4EA733002F731F /* MovieList.swift in Sources */ = {isa = PBXBuildFile; fileRef = FD835D0A2C4EA733002F731F /* MovieList.swift */; };
		FD8D42872C5118DB000E5C6B /* RealmSwift in Frameworks */ = {isa = PBXBuildFile; productRef = FD8D42862C5118DB000E5C6B /* RealmSwift */; };
		FD8D42882C51192B000E5C6B /* RealmSwift in Embed Frameworks */ = {isa = PBXBuildFile; productRef = FD8D42862C5118DB000E5C6B /* RealmSwift */; settings = {ATTRIBUTES = (CodeSignOnCopy, ); }; };
		FD8D428E2C5122DA000E5C6B /* ProfileView.swift in Sources */ = {isa = PBXBuildFile; fileRef = FD8D428D2C5122DA000E5C6B /* ProfileView.swift */; };
		FD8D42982C525BCC000E5C6B /* AuthorizationButton.swift in Sources */ = {isa = PBXBuildFile; fileRef = FD8D42972C525BCC000E5C6B /* AuthorizationButton.swift */; };
		FD9012472C4E9E4D003465C1 /* MovieFinderApp.swift in Sources */ = {isa = PBXBuildFile; fileRef = FD9012462C4E9E4D003465C1 /* MovieFinderApp.swift */; };
		FD9012492C4E9E4D003465C1 /* ContentView.swift in Sources */ = {isa = PBXBuildFile; fileRef = FD9012482C4E9E4D003465C1 /* ContentView.swift */; };
		FD90124B2C4E9E57003465C1 /* Assets.xcassets in Resources */ = {isa = PBXBuildFile; fileRef = FD90124A2C4E9E57003465C1 /* Assets.xcassets */; };
		FD90124E2C4E9E57003465C1 /* Preview Assets.xcassets in Resources */ = {isa = PBXBuildFile; fileRef = FD90124D2C4E9E57003465C1 /* Preview Assets.xcassets */; };
		FD9033BF2C5B7147007C98AF /* StarsMark.swift in Sources */ = {isa = PBXBuildFile; fileRef = FD9033BE2C5B7147007C98AF /* StarsMark.swift */; };
		FD9033C52C5B8574007C98AF /* FavoriteViewModel.swift in Sources */ = {isa = PBXBuildFile; fileRef = FD9033C42C5B8574007C98AF /* FavoriteViewModel.swift */; };
		FD9033C72C5B9A14007C98AF /* HeartView.swift in Sources */ = {isa = PBXBuildFile; fileRef = FD9033C62C5B9A14007C98AF /* HeartView.swift */; };
		FD9033CA2C5BB91D007C98AF /* FavoritesList.swift in Sources */ = {isa = PBXBuildFile; fileRef = FD9033C92C5BB91D007C98AF /* FavoritesList.swift */; };
		FD9033CD2C5BB93F007C98AF /* FavoritesListTile.swift in Sources */ = {isa = PBXBuildFile; fileRef = FD9033CC2C5BB93F007C98AF /* FavoritesListTile.swift */; };
		FDCA6CE42C58E2870037F6A3 /* Localizable.xcstrings in Resources */ = {isa = PBXBuildFile; fileRef = FDCA6CE32C58E2870037F6A3 /* Localizable.xcstrings */; };
		FDCA6CE72C58E9910037F6A3 /* Constants.swift in Sources */ = {isa = PBXBuildFile; fileRef = FDCA6CE62C58E9900037F6A3 /* Constants.swift */; };
		FDCA6CE92C58F57C0037F6A3 /* ProfileCard.swift in Sources */ = {isa = PBXBuildFile; fileRef = FDCA6CE82C58F57C0037F6A3 /* ProfileCard.swift */; };
		FDCA6CEC2C5926660037F6A3 /* SearchBar.swift in Sources */ = {isa = PBXBuildFile; fileRef = FDCA6CEB2C5926660037F6A3 /* SearchBar.swift */; };
/* End PBXBuildFile section */

/* Begin PBXCopyFilesBuildPhase section */
		FD8D42892C51192B000E5C6B /* Embed Frameworks */ = {
			isa = PBXCopyFilesBuildPhase;
			buildActionMask = 2147483647;
			dstPath = "";
			dstSubfolderSpec = 10;
			files = (
				FD8D42882C51192B000E5C6B /* RealmSwift in Embed Frameworks */,
			);
			name = "Embed Frameworks";
			runOnlyForDeploymentPostprocessing = 0;
		};
/* End PBXCopyFilesBuildPhase section */

/* Begin PBXFileReference section */
		3640370C732C80CD0B6DA14A /* Pods-MovieFinderApp.debug.xcconfig */ = {isa = PBXFileReference; includeInIndex = 1; lastKnownFileType = text.xcconfig; name = "Pods-MovieFinderApp.debug.xcconfig"; path = "Target Support Files/Pods-MovieFinderApp/Pods-MovieFinderApp.debug.xcconfig"; sourceTree = "<group>"; };
		8268356E2402833E15F8C683 /* Pods_MovieFinderApp.framework */ = {isa = PBXFileReference; explicitFileType = wrapper.framework; includeInIndex = 0; path = Pods_MovieFinderApp.framework; sourceTree = BUILT_PRODUCTS_DIR; };
		F3CDC6CEDF05B54E8456E771 /* Pods-MovieFinderApp.release.xcconfig */ = {isa = PBXFileReference; includeInIndex = 1; lastKnownFileType = text.xcconfig; name = "Pods-MovieFinderApp.release.xcconfig"; path = "Target Support Files/Pods-MovieFinderApp/Pods-MovieFinderApp.release.xcconfig"; sourceTree = "<group>"; };
		FD13C7F92C60B048001D2046 /* Repository.swift */ = {isa = PBXFileReference; lastKnownFileType = sourcecode.swift; path = Repository.swift; sourceTree = "<group>"; };
		FD13C7FB2C60B508001D2046 /* RealmData.swift */ = {isa = PBXFileReference; lastKnownFileType = sourcecode.swift; path = RealmData.swift; sourceTree = "<group>"; };
		FD3B1D852C53A37900817857 /* MovieDataService.swift */ = {isa = PBXFileReference; lastKnownFileType = sourcecode.swift; path = MovieDataService.swift; sourceTree = "<group>"; };
		FD3B1D882C53B22C00817857 /* Injection.swift */ = {isa = PBXFileReference; lastKnownFileType = sourcecode.swift; path = Injection.swift; sourceTree = "<group>"; };
		FD4758442C57B2730048D05E /* credentials.plist */ = {isa = PBXFileReference; fileEncoding = 4; lastKnownFileType = text.plist.xml; path = credentials.plist; sourceTree = "<group>"; };
		FD4758482C57C9FF0048D05E /* AppDelegate.swift */ = {isa = PBXFileReference; lastKnownFileType = sourcecode.swift; path = AppDelegate.swift; sourceTree = "<group>"; };
		FD47584B2C57D3720048D05E /* Application.swift */ = {isa = PBXFileReference; lastKnownFileType = sourcecode.swift; path = Application.swift; sourceTree = "<group>"; };
		FD53781D2C4FE7EF009E1D5A /* MovieDetail.swift */ = {isa = PBXFileReference; lastKnownFileType = sourcecode.swift; name = MovieDetail.swift; path = "../New Group/MovieDetail.swift"; sourceTree = "<group>"; };
		FD5B48C52C5A64EC002FF763 /* APIConstants.swift */ = {isa = PBXFileReference; lastKnownFileType = sourcecode.swift; path = APIConstants.swift; sourceTree = "<group>"; };
		FD5B48C72C5A7092002FF763 /* DetailViewModel.swift */ = {isa = PBXFileReference; lastKnownFileType = sourcecode.swift; path = DetailViewModel.swift; sourceTree = "<group>"; };
		FD5B48CA2C5A7143002FF763 /* MovieEntity.swift */ = {isa = PBXFileReference; lastKnownFileType = sourcecode.swift; path = MovieEntity.swift; sourceTree = "<group>"; };
		FD5B48CD2C5A7657002FF763 /* MovieRepository.swift */ = {isa = PBXFileReference; lastKnownFileType = sourcecode.swift; path = MovieRepository.swift; sourceTree = "<group>"; };
		FD5B48CF2C5A82C8002FF763 /* UserToken.swift */ = {isa = PBXFileReference; lastKnownFileType = sourcecode.swift; path = UserToken.swift; sourceTree = "<group>"; };
		FD7661B52C61082900163B9C /* DateFilterView.swift */ = {isa = PBXFileReference; lastKnownFileType = sourcecode.swift; path = DateFilterView.swift; sourceTree = "<group>"; };
		FD7F66402C57804000A1D264 /* ProfileViewModel.swift */ = {isa = PBXFileReference; lastKnownFileType = sourcecode.swift; path = ProfileViewModel.swift; sourceTree = "<group>"; };
		FD835CF72C4E9F76002F731F /* APIHelper.swift */ = {isa = PBXFileReference; lastKnownFileType = sourcecode.swift; path = APIHelper.swift; sourceTree = "<group>"; };
		FD835CFC2C4EA1DC002F731F /* MovieViewModel.swift */ = {isa = PBXFileReference; lastKnownFileType = sourcecode.swift; path = MovieViewModel.swift; sourceTree = "<group>"; };
		FD835D012C4EA219002F731F /* Movie.swift */ = {isa = PBXFileReference; lastKnownFileType = sourcecode.swift; path = Movie.swift; sourceTree = "<group>"; };
		FD835D052C4EA490002F731F /* MovieDTO.swift */ = {isa = PBXFileReference; lastKnownFileType = sourcecode.swift; path = MovieDTO.swift; sourceTree = "<group>"; };
		FD835D082C4EA726002F731F /* MovieListCard.swift */ = {isa = PBXFileReference; lastKnownFileType = sourcecode.swift; path = MovieListCard.swift; sourceTree = "<group>"; };
		FD835D0A2C4EA733002F731F /* MovieList.swift */ = {isa = PBXFileReference; lastKnownFileType = sourcecode.swift; path = MovieList.swift; sourceTree = "<group>"; };
		FD8D428D2C5122DA000E5C6B /* ProfileView.swift */ = {isa = PBXFileReference; lastKnownFileType = sourcecode.swift; path = ProfileView.swift; sourceTree = "<group>"; };
		FD8D42972C525BCC000E5C6B /* AuthorizationButton.swift */ = {isa = PBXFileReference; lastKnownFileType = sourcecode.swift; path = AuthorizationButton.swift; sourceTree = "<group>"; };
		FD9012432C4E9E4D003465C1 /* MovieFinderApp.app */ = {isa = PBXFileReference; explicitFileType = wrapper.application; includeInIndex = 0; path = MovieFinderApp.app; sourceTree = BUILT_PRODUCTS_DIR; };
		FD9012462C4E9E4D003465C1 /* MovieFinderApp.swift */ = {isa = PBXFileReference; lastKnownFileType = sourcecode.swift; path = MovieFinderApp.swift; sourceTree = "<group>"; };
		FD9012482C4E9E4D003465C1 /* ContentView.swift */ = {isa = PBXFileReference; lastKnownFileType = sourcecode.swift; path = ContentView.swift; sourceTree = "<group>"; };
		FD90124A2C4E9E57003465C1 /* Assets.xcassets */ = {isa = PBXFileReference; lastKnownFileType = folder.assetcatalog; path = Assets.xcassets; sourceTree = "<group>"; };
		FD90124D2C4E9E57003465C1 /* Preview Assets.xcassets */ = {isa = PBXFileReference; lastKnownFileType = folder.assetcatalog; path = "Preview Assets.xcassets"; sourceTree = "<group>"; };
		FD9033BE2C5B7147007C98AF /* StarsMark.swift */ = {isa = PBXFileReference; lastKnownFileType = sourcecode.swift; path = StarsMark.swift; sourceTree = "<group>"; };
		FD9033C42C5B8574007C98AF /* FavoriteViewModel.swift */ = {isa = PBXFileReference; lastKnownFileType = sourcecode.swift; path = FavoriteViewModel.swift; sourceTree = "<group>"; };
		FD9033C62C5B9A14007C98AF /* HeartView.swift */ = {isa = PBXFileReference; lastKnownFileType = sourcecode.swift; path = HeartView.swift; sourceTree = "<group>"; };
		FD9033C92C5BB91D007C98AF /* FavoritesList.swift */ = {isa = PBXFileReference; lastKnownFileType = sourcecode.swift; path = FavoritesList.swift; sourceTree = "<group>"; };
		FD9033CC2C5BB93F007C98AF /* FavoritesListTile.swift */ = {isa = PBXFileReference; lastKnownFileType = sourcecode.swift; path = FavoritesListTile.swift; sourceTree = "<group>"; };
		FD9521EB2C4FAEDB0014A4E2 /* Info.plist */ = {isa = PBXFileReference; lastKnownFileType = text.plist; path = Info.plist; sourceTree = "<group>"; };
		FDCA6CE32C58E2870037F6A3 /* Localizable.xcstrings */ = {isa = PBXFileReference; lastKnownFileType = text.json.xcstrings; path = Localizable.xcstrings; sourceTree = "<group>"; };
		FDCA6CE62C58E9900037F6A3 /* Constants.swift */ = {isa = PBXFileReference; lastKnownFileType = sourcecode.swift; path = Constants.swift; sourceTree = "<group>"; };
		FDCA6CE82C58F57C0037F6A3 /* ProfileCard.swift */ = {isa = PBXFileReference; lastKnownFileType = sourcecode.swift; path = ProfileCard.swift; sourceTree = "<group>"; };
		FDCA6CEB2C5926660037F6A3 /* SearchBar.swift */ = {isa = PBXFileReference; lastKnownFileType = sourcecode.swift; path = SearchBar.swift; sourceTree = "<group>"; };
/* End PBXFileReference section */

/* Begin PBXFrameworksBuildPhase section */
		FD9012402C4E9E4D003465C1 /* Frameworks */ = {
			isa = PBXFrameworksBuildPhase;
			buildActionMask = 2147483647;
			files = (
				FD8D42872C5118DB000E5C6B /* RealmSwift in Frameworks */,
				EE7DCEA0A7A8A754B4D9FDF0 /* Pods_MovieFinderApp.framework in Frameworks */,
			);
			runOnlyForDeploymentPostprocessing = 0;
		};
/* End PBXFrameworksBuildPhase section */

/* Begin PBXGroup section */
		B705EF62499F808663A3A78C /* Pods */ = {
			isa = PBXGroup;
			children = (
				3640370C732C80CD0B6DA14A /* Pods-MovieFinderApp.debug.xcconfig */,
				F3CDC6CEDF05B54E8456E771 /* Pods-MovieFinderApp.release.xcconfig */,
			);
			path = Pods;
			sourceTree = "<group>";
		};
		C452D9BC8F861961FBB81BD3 /* Frameworks */ = {
			isa = PBXGroup;
			children = (
				8268356E2402833E15F8C683 /* Pods_MovieFinderApp.framework */,
			);
			name = Frameworks;
			sourceTree = "<group>";
		};
		FD3B1D842C539BF100817857 /* Services */ = {
			isa = PBXGroup;
			children = (
				FD3B1D852C53A37900817857 /* MovieDataService.swift */,
			);
			path = Services;
			sourceTree = "<group>";
		};
		FD3B1D872C53B20500817857 /* Injection */ = {
			isa = PBXGroup;
			children = (
				FD3B1D882C53B22C00817857 /* Injection.swift */,
			);
			path = Injection;
			sourceTree = "<group>";
		};
		FD3B1D8F2C53D8F100817857 /* Profile */ = {
			isa = PBXGroup;
			children = (
				FD8D428D2C5122DA000E5C6B /* ProfileView.swift */,
				FD8D42972C525BCC000E5C6B /* AuthorizationButton.swift */,
				FDCA6CE82C58F57C0037F6A3 /* ProfileCard.swift */,
			);
			path = Profile;
			sourceTree = "<group>";
		};
		FD47584A2C57D3590048D05E /* Utilities */ = {
			isa = PBXGroup;
			children = (
				FD4758482C57C9FF0048D05E /* AppDelegate.swift */,
				FD47584B2C57D3720048D05E /* Application.swift */,
			);
			path = Utilities;
			sourceTree = "<group>";
		};
		FD5B48C92C5A712A002FF763 /* Entity */ = {
			isa = PBXGroup;
			children = (
				FD5B48CA2C5A7143002FF763 /* MovieEntity.swift */,
			);
			path = Entity;
			sourceTree = "<group>";
		};
		FD5B48CC2C5A7635002FF763 /* Repository */ = {
			isa = PBXGroup;
			children = (
				FD5B48CD2C5A7657002FF763 /* MovieRepository.swift */,
				FD13C7F92C60B048001D2046 /* Repository.swift */,
			);
			path = Repository;
			sourceTree = "<group>";
		};
		FD835CF62C4E9F50002F731F /* Helpers */ = {
			isa = PBXGroup;
			children = (
				FD835CF72C4E9F76002F731F /* APIHelper.swift */,
				FD835D052C4EA490002F731F /* MovieDTO.swift */,
				FD13C7FB2C60B508001D2046 /* RealmData.swift */,
			);
			path = Helpers;
			sourceTree = "<group>";
		};
		FD835CF92C4EA1A7002F731F /* ViewModel */ = {
			isa = PBXGroup;
			children = (
				FD835CFC2C4EA1DC002F731F /* MovieViewModel.swift */,
				FD7F66402C57804000A1D264 /* ProfileViewModel.swift */,
				FD5B48C72C5A7092002FF763 /* DetailViewModel.swift */,
				FD9033C42C5B8574007C98AF /* FavoriteViewModel.swift */,
			);
			name = ViewModel;
			path = MovieFinderApp/ViewModel;
			sourceTree = SOURCE_ROOT;
		};
		FD835CFE2C4EA1EF002F731F /* Model */ = {
			isa = PBXGroup;
			children = (
				FD835D012C4EA219002F731F /* Movie.swift */,
			);
			path = Model;
			sourceTree = "<group>";
		};
		FD835D072C4EA702002F731F /* Views */ = {
			isa = PBXGroup;
			children = (
				FD9033C82C5BB8F4007C98AF /* Favorites */,
				FD3B1D8F2C53D8F100817857 /* Profile */,
				FD8D428B2C512298000E5C6B /* MovieDetail */,
				FD8D428A2C51227F000E5C6B /* MovieList */,
			);
			path = Views;
			sourceTree = "<group>";
		};
		FD8D428A2C51227F000E5C6B /* MovieList */ = {
			isa = PBXGroup;
			children = (
				FDCA6CEA2C5926330037F6A3 /* Components */,
				FD835D0A2C4EA733002F731F /* MovieList.swift */,
			);
			path = MovieList;
			sourceTree = "<group>";
		};
		FD8D428B2C512298000E5C6B /* MovieDetail */ = {
			isa = PBXGroup;
			children = (
				FD9033BD2C5B7131007C98AF /* Components */,
				FD53781D2C4FE7EF009E1D5A /* MovieDetail.swift */,
			);
			path = MovieDetail;
			sourceTree = "<group>";
		};
		FD90123A2C4E9E4D003465C1 = {
			isa = PBXGroup;
			children = (
				FD9012452C4E9E4D003465C1 /* MovieFinderApp */,
				FD9012442C4E9E4D003465C1 /* Products */,
				B705EF62499F808663A3A78C /* Pods */,
				C452D9BC8F861961FBB81BD3 /* Frameworks */,
			);
			sourceTree = "<group>";
		};
		FD9012442C4E9E4D003465C1 /* Products */ = {
			isa = PBXGroup;
			children = (
				FD9012432C4E9E4D003465C1 /* MovieFinderApp.app */,
			);
			name = Products;
			sourceTree = "<group>";
		};
		FD9012452C4E9E4D003465C1 /* MovieFinderApp */ = {
			isa = PBXGroup;
			children = (
				FD5B48CC2C5A7635002FF763 /* Repository */,
				FD5B48C92C5A712A002FF763 /* Entity */,
				FDCA6CE52C58E95D0037F6A3 /* Constants */,
				FD47584A2C57D3590048D05E /* Utilities */,
				FD3B1D872C53B20500817857 /* Injection */,
				FD3B1D842C539BF100817857 /* Services */,
				FD9521EB2C4FAEDB0014A4E2 /* Info.plist */,
				FD4758442C57B2730048D05E /* credentials.plist */,
				FD835CF92C4EA1A7002F731F /* ViewModel */,
				FD835D072C4EA702002F731F /* Views */,
				FD835CFE2C4EA1EF002F731F /* Model */,
				FD9012462C4E9E4D003465C1 /* MovieFinderApp.swift */,
				FD835CF62C4E9F50002F731F /* Helpers */,
				FD9012482C4E9E4D003465C1 /* ContentView.swift */,
				FD90124A2C4E9E57003465C1 /* Assets.xcassets */,
				FD90124C2C4E9E57003465C1 /* Preview Content */,
				FDCA6CE32C58E2870037F6A3 /* Localizable.xcstrings */,
			);
			path = MovieFinderApp;
			sourceTree = "<group>";
		};
		FD90124C2C4E9E57003465C1 /* Preview Content */ = {
			isa = PBXGroup;
			children = (
				FD90124D2C4E9E57003465C1 /* Preview Assets.xcassets */,
			);
			path = "Preview Content";
			sourceTree = "<group>";
		};
		FD9033BD2C5B7131007C98AF /* Components */ = {
			isa = PBXGroup;
			children = (
				FD9033BE2C5B7147007C98AF /* StarsMark.swift */,
				FD9033C62C5B9A14007C98AF /* HeartView.swift */,
			);
			path = Components;
			sourceTree = "<group>";
		};
		FD9033C82C5BB8F4007C98AF /* Favorites */ = {
			isa = PBXGroup;
			children = (
				FD9033CB2C5BB922007C98AF /* Components */,
				FD9033C92C5BB91D007C98AF /* FavoritesList.swift */,
			);
			path = Favorites;
			sourceTree = "<group>";
		};
		FD9033CB2C5BB922007C98AF /* Components */ = {
			isa = PBXGroup;
			children = (
				FD9033CC2C5BB93F007C98AF /* FavoritesListTile.swift */,
				FD7661B52C61082900163B9C /* DateFilterView.swift */,
			);
			path = Components;
			sourceTree = "<group>";
		};
		FDCA6CE52C58E95D0037F6A3 /* Constants */ = {
			isa = PBXGroup;
			children = (
				FDCA6CE62C58E9900037F6A3 /* Constants.swift */,
				FD5B48C52C5A64EC002FF763 /* APIConstants.swift */,
				FD5B48CF2C5A82C8002FF763 /* UserToken.swift */,
			);
			path = Constants;
			sourceTree = "<group>";
		};
		FDCA6CEA2C5926330037F6A3 /* Components */ = {
			isa = PBXGroup;
			children = (
				FD835D082C4EA726002F731F /* MovieListCard.swift */,
				FDCA6CEB2C5926660037F6A3 /* SearchBar.swift */,
			);
			path = Components;
			sourceTree = "<group>";
		};
/* End PBXGroup section */

/* Begin PBXNativeTarget section */
		FD9012422C4E9E4D003465C1 /* MovieFinderApp */ = {
			isa = PBXNativeTarget;
			buildConfigurationList = FD9012512C4E9E57003465C1 /* Build configuration list for PBXNativeTarget "MovieFinderApp" */;
			buildPhases = (
				2E569E94A130483159DA2A51 /* [CP] Check Pods Manifest.lock */,
				FD03435E2C4FBB0700057CD8 /* ShellScript */,
				FD90123F2C4E9E4D003465C1 /* Sources */,
				FD9012402C4E9E4D003465C1 /* Frameworks */,
				FD9012412C4E9E4D003465C1 /* Resources */,
				FD8D42892C51192B000E5C6B /* Embed Frameworks */,
				E8FD0EB5678235648138CD1A /* [CP] Embed Pods Frameworks */,
			);
			buildRules = (
			);
			dependencies = (
			);
			name = MovieFinderApp;
			packageProductDependencies = (
				FD8D42862C5118DB000E5C6B /* RealmSwift */,
			);
			productName = MovieFinderApp;
			productReference = FD9012432C4E9E4D003465C1 /* MovieFinderApp.app */;
			productType = "com.apple.product-type.application";
		};
/* End PBXNativeTarget section */

/* Begin PBXProject section */
		FD90123B2C4E9E4D003465C1 /* Project object */ = {
			isa = PBXProject;
			attributes = {
				BuildIndependentTargetsInParallel = 1;
				LastSwiftUpdateCheck = 1520;
				LastUpgradeCheck = 1520;
				TargetAttributes = {
					FD9012422C4E9E4D003465C1 = {
						CreatedOnToolsVersion = 15.2;
					};
				};
			};
			buildConfigurationList = FD90123E2C4E9E4D003465C1 /* Build configuration list for PBXProject "MovieFinderApp" */;
			compatibilityVersion = "Xcode 14.0";
			developmentRegion = en;
			hasScannedForEncodings = 0;
			knownRegions = (
				en,
				Base,
				ru,
			);
			mainGroup = FD90123A2C4E9E4D003465C1;
			packageReferences = (
				FD8D42832C5118DB000E5C6B /* XCRemoteSwiftPackageReference "realm-swift" */,
			);
			productRefGroup = FD9012442C4E9E4D003465C1 /* Products */;
			projectDirPath = "";
			projectRoot = "";
			targets = (
				FD9012422C4E9E4D003465C1 /* MovieFinderApp */,
			);
		};
/* End PBXProject section */

/* Begin PBXResourcesBuildPhase section */
		FD9012412C4E9E4D003465C1 /* Resources */ = {
			isa = PBXResourcesBuildPhase;
			buildActionMask = 2147483647;
			files = (
				FD90124E2C4E9E57003465C1 /* Preview Assets.xcassets in Resources */,
				FD4758452C57B2730048D05E /* credentials.plist in Resources */,
				FDCA6CE42C58E2870037F6A3 /* Localizable.xcstrings in Resources */,
				FD90124B2C4E9E57003465C1 /* Assets.xcassets in Resources */,
			);
			runOnlyForDeploymentPostprocessing = 0;
		};
/* End PBXResourcesBuildPhase section */

/* Begin PBXShellScriptBuildPhase section */
		2E569E94A130483159DA2A51 /* [CP] Check Pods Manifest.lock */ = {
			isa = PBXShellScriptBuildPhase;
			buildActionMask = 2147483647;
			files = (
			);
			inputFileListPaths = (
			);
			inputPaths = (
				"${PODS_PODFILE_DIR_PATH}/Podfile.lock",
				"${PODS_ROOT}/Manifest.lock",
			);
			name = "[CP] Check Pods Manifest.lock";
			outputFileListPaths = (
			);
			outputPaths = (
				"$(DERIVED_FILE_DIR)/Pods-MovieFinderApp-checkManifestLockResult.txt",
			);
			runOnlyForDeploymentPostprocessing = 0;
			shellPath = /bin/sh;
			shellScript = "diff \"${PODS_PODFILE_DIR_PATH}/Podfile.lock\" \"${PODS_ROOT}/Manifest.lock\" > /dev/null\nif [ $? != 0 ] ; then\n    # print error to STDERR\n    echo \"error: The sandbox is not in sync with the Podfile.lock. Run 'pod install' or update your CocoaPods installation.\" >&2\n    exit 1\nfi\n# This output is used by Xcode 'outputs' to avoid re-running this script phase.\necho \"SUCCESS\" > \"${SCRIPT_OUTPUT_FILE_0}\"\n";
			showEnvVarsInLog = 0;
		};
		E8FD0EB5678235648138CD1A /* [CP] Embed Pods Frameworks */ = {
			isa = PBXShellScriptBuildPhase;
			buildActionMask = 2147483647;
			files = (
			);
			inputFileListPaths = (
				"${PODS_ROOT}/Target Support Files/Pods-MovieFinderApp/Pods-MovieFinderApp-frameworks-${CONFIGURATION}-input-files.xcfilelist",
			);
			name = "[CP] Embed Pods Frameworks";
			outputFileListPaths = (
				"${PODS_ROOT}/Target Support Files/Pods-MovieFinderApp/Pods-MovieFinderApp-frameworks-${CONFIGURATION}-output-files.xcfilelist",
			);
			runOnlyForDeploymentPostprocessing = 0;
			shellPath = /bin/sh;
			shellScript = "\"${PODS_ROOT}/Target Support Files/Pods-MovieFinderApp/Pods-MovieFinderApp-frameworks.sh\"\n";
			showEnvVarsInLog = 0;
		};
		FD03435E2C4FBB0700057CD8 /* ShellScript */ = {
			isa = PBXShellScriptBuildPhase;
			buildActionMask = 2147483647;
			files = (
			);
			inputFileListPaths = (
			);
			inputPaths = (
			);
			outputFileListPaths = (
			);
			outputPaths = (
			);
			runOnlyForDeploymentPostprocessing = 0;
			shellPath = /bin/sh;
			shellScript = "# Type a script or drag a script file from your workspace to insert its path.\n\"${PODS_ROOT}/SwiftLint/swiftlint\"\n";
		};
/* End PBXShellScriptBuildPhase section */

/* Begin PBXSourcesBuildPhase section */
		FD90123F2C4E9E4D003465C1 /* Sources */ = {
			isa = PBXSourcesBuildPhase;
			buildActionMask = 2147483647;
			files = (
				FD13C7FA2C60B048001D2046 /* Repository.swift in Sources */,
				FD47584C2C57D3720048D05E /* Application.swift in Sources */,
				FDCA6CE72C58E9910037F6A3 /* Constants.swift in Sources */,
				FD8D42982C525BCC000E5C6B /* AuthorizationButton.swift in Sources */,
				FD835D022C4EA219002F731F /* Movie.swift in Sources */,
				FD835CF82C4E9F76002F731F /* APIHelper.swift in Sources */,
				FD9033CA2C5BB91D007C98AF /* FavoritesList.swift in Sources */,
				FD5B48CB2C5A7143002FF763 /* MovieEntity.swift in Sources */,
				FD5B48CE2C5A7657002FF763 /* MovieRepository.swift in Sources */,
				FD835CFD2C4EA1DC002F731F /* MovieViewModel.swift in Sources */,
				FD3B1D862C53A37900817857 /* MovieDataService.swift in Sources */,
				FD7F66412C57804000A1D264 /* ProfileViewModel.swift in Sources */,
				FD13C7FC2C60B508001D2046 /* RealmData.swift in Sources */,
				FD9033BF2C5B7147007C98AF /* StarsMark.swift in Sources */,
				FD7661B62C61082900163B9C /* DateFilterView.swift in Sources */,
				FD9033CD2C5BB93F007C98AF /* FavoritesListTile.swift in Sources */,
				FD9033C52C5B8574007C98AF /* FavoriteViewModel.swift in Sources */,
				FD5B48D02C5A82C8002FF763 /* UserToken.swift in Sources */,
				FD835D092C4EA726002F731F /* MovieListCard.swift in Sources */,
				FD835D062C4EA491002F731F /* MovieDTO.swift in Sources */,
				FD9033C72C5B9A14007C98AF /* HeartView.swift in Sources */,
				FD9012492C4E9E4D003465C1 /* ContentView.swift in Sources */,
				FD835D0B2C4EA733002F731F /* MovieList.swift in Sources */,
				FD9012472C4E9E4D003465C1 /* MovieFinderApp.swift in Sources */,
				FD8D428E2C5122DA000E5C6B /* ProfileView.swift in Sources */,
				FD53781E2C4FE7EF009E1D5A /* MovieDetail.swift in Sources */,
				FDCA6CEC2C5926660037F6A3 /* SearchBar.swift in Sources */,
				FD5B48C82C5A7092002FF763 /* DetailViewModel.swift in Sources */,
				FD5B48C62C5A64EC002FF763 /* APIConstants.swift in Sources */,
				FD3B1D892C53B22C00817857 /* Injection.swift in Sources */,
				FDCA6CE92C58F57C0037F6A3 /* ProfileCard.swift in Sources */,
				FD4758492C57C9FF0048D05E /* AppDelegate.swift in Sources */,
			);
			runOnlyForDeploymentPostprocessing = 0;
		};
/* End PBXSourcesBuildPhase section */

/* Begin XCBuildConfiguration section */
		FD90124F2C4E9E57003465C1 /* Debug */ = {
			isa = XCBuildConfiguration;
			buildSettings = {
				ALWAYS_SEARCH_USER_PATHS = NO;
				ASSETCATALOG_COMPILER_GENERATE_SWIFT_ASSET_SYMBOL_EXTENSIONS = YES;
				CLANG_ANALYZER_NONNULL = YES;
				CLANG_ANALYZER_NUMBER_OBJECT_CONVERSION = YES_AGGRESSIVE;
				CLANG_CXX_LANGUAGE_STANDARD = "gnu++20";
				CLANG_ENABLE_MODULES = YES;
				CLANG_ENABLE_OBJC_ARC = YES;
				CLANG_ENABLE_OBJC_WEAK = YES;
				CLANG_WARN_BLOCK_CAPTURE_AUTORELEASING = YES;
				CLANG_WARN_BOOL_CONVERSION = YES;
				CLANG_WARN_COMMA = YES;
				CLANG_WARN_CONSTANT_CONVERSION = YES;
				CLANG_WARN_DEPRECATED_OBJC_IMPLEMENTATIONS = YES;
				CLANG_WARN_DIRECT_OBJC_ISA_USAGE = YES_ERROR;
				CLANG_WARN_DOCUMENTATION_COMMENTS = YES;
				CLANG_WARN_EMPTY_BODY = YES;
				CLANG_WARN_ENUM_CONVERSION = YES;
				CLANG_WARN_INFINITE_RECURSION = YES;
				CLANG_WARN_INT_CONVERSION = YES;
				CLANG_WARN_NON_LITERAL_NULL_CONVERSION = YES;
				CLANG_WARN_OBJC_IMPLICIT_RETAIN_SELF = YES;
				CLANG_WARN_OBJC_LITERAL_CONVERSION = YES;
				CLANG_WARN_OBJC_ROOT_CLASS = YES_ERROR;
				CLANG_WARN_QUOTED_INCLUDE_IN_FRAMEWORK_HEADER = YES;
				CLANG_WARN_RANGE_LOOP_ANALYSIS = YES;
				CLANG_WARN_STRICT_PROTOTYPES = YES;
				CLANG_WARN_SUSPICIOUS_MOVE = YES;
				CLANG_WARN_UNGUARDED_AVAILABILITY = YES_AGGRESSIVE;
				CLANG_WARN_UNREACHABLE_CODE = YES;
				CLANG_WARN__DUPLICATE_METHOD_MATCH = YES;
				COPY_PHASE_STRIP = NO;
				DEBUG_INFORMATION_FORMAT = dwarf;
				ENABLE_STRICT_OBJC_MSGSEND = YES;
				ENABLE_TESTABILITY = YES;
				ENABLE_USER_SCRIPT_SANDBOXING = NO;
				EXCLUDED_ARCHS = arm64;
				GCC_C_LANGUAGE_STANDARD = gnu17;
				GCC_DYNAMIC_NO_PIC = NO;
				GCC_NO_COMMON_BLOCKS = YES;
				GCC_OPTIMIZATION_LEVEL = 0;
				GCC_PREPROCESSOR_DEFINITIONS = (
					"DEBUG=1",
					"$(inherited)",
				);
				GCC_WARN_64_TO_32_BIT_CONVERSION = YES;
				GCC_WARN_ABOUT_RETURN_TYPE = YES_ERROR;
				GCC_WARN_UNDECLARED_SELECTOR = YES;
				GCC_WARN_UNINITIALIZED_AUTOS = YES_AGGRESSIVE;
				GCC_WARN_UNUSED_FUNCTION = YES;
				GCC_WARN_UNUSED_VARIABLE = YES;
				IPHONEOS_DEPLOYMENT_TARGET = 17.2;
				LOCALIZATION_PREFERS_STRING_CATALOGS = YES;
				MTL_ENABLE_DEBUG_INFO = INCLUDE_SOURCE;
				MTL_FAST_MATH = YES;
				ONLY_ACTIVE_ARCH = YES;
				SDKROOT = iphoneos;
				SWIFT_ACTIVE_COMPILATION_CONDITIONS = "DEBUG $(inherited)";
				SWIFT_OPTIMIZATION_LEVEL = "-Onone";
			};
			name = Debug;
		};
		FD9012502C4E9E57003465C1 /* Release */ = {
			isa = XCBuildConfiguration;
			buildSettings = {
				ALWAYS_SEARCH_USER_PATHS = NO;
				ASSETCATALOG_COMPILER_GENERATE_SWIFT_ASSET_SYMBOL_EXTENSIONS = YES;
				CLANG_ANALYZER_NONNULL = YES;
				CLANG_ANALYZER_NUMBER_OBJECT_CONVERSION = YES_AGGRESSIVE;
				CLANG_CXX_LANGUAGE_STANDARD = "gnu++20";
				CLANG_ENABLE_MODULES = YES;
				CLANG_ENABLE_OBJC_ARC = YES;
				CLANG_ENABLE_OBJC_WEAK = YES;
				CLANG_WARN_BLOCK_CAPTURE_AUTORELEASING = YES;
				CLANG_WARN_BOOL_CONVERSION = YES;
				CLANG_WARN_COMMA = YES;
				CLANG_WARN_CONSTANT_CONVERSION = YES;
				CLANG_WARN_DEPRECATED_OBJC_IMPLEMENTATIONS = YES;
				CLANG_WARN_DIRECT_OBJC_ISA_USAGE = YES_ERROR;
				CLANG_WARN_DOCUMENTATION_COMMENTS = YES;
				CLANG_WARN_EMPTY_BODY = YES;
				CLANG_WARN_ENUM_CONVERSION = YES;
				CLANG_WARN_INFINITE_RECURSION = YES;
				CLANG_WARN_INT_CONVERSION = YES;
				CLANG_WARN_NON_LITERAL_NULL_CONVERSION = YES;
				CLANG_WARN_OBJC_IMPLICIT_RETAIN_SELF = YES;
				CLANG_WARN_OBJC_LITERAL_CONVERSION = YES;
				CLANG_WARN_OBJC_ROOT_CLASS = YES_ERROR;
				CLANG_WARN_QUOTED_INCLUDE_IN_FRAMEWORK_HEADER = YES;
				CLANG_WARN_RANGE_LOOP_ANALYSIS = YES;
				CLANG_WARN_STRICT_PROTOTYPES = YES;
				CLANG_WARN_SUSPICIOUS_MOVE = YES;
				CLANG_WARN_UNGUARDED_AVAILABILITY = YES_AGGRESSIVE;
				CLANG_WARN_UNREACHABLE_CODE = YES;
				CLANG_WARN__DUPLICATE_METHOD_MATCH = YES;
				COPY_PHASE_STRIP = NO;
				DEBUG_INFORMATION_FORMAT = "dwarf-with-dsym";
				ENABLE_NS_ASSERTIONS = NO;
				ENABLE_STRICT_OBJC_MSGSEND = YES;
				ENABLE_USER_SCRIPT_SANDBOXING = NO;
				EXCLUDED_ARCHS = arm64;
				GCC_C_LANGUAGE_STANDARD = gnu17;
				GCC_NO_COMMON_BLOCKS = YES;
				GCC_WARN_64_TO_32_BIT_CONVERSION = YES;
				GCC_WARN_ABOUT_RETURN_TYPE = YES_ERROR;
				GCC_WARN_UNDECLARED_SELECTOR = YES;
				GCC_WARN_UNINITIALIZED_AUTOS = YES_AGGRESSIVE;
				GCC_WARN_UNUSED_FUNCTION = YES;
				GCC_WARN_UNUSED_VARIABLE = YES;
				IPHONEOS_DEPLOYMENT_TARGET = 17.2;
				LOCALIZATION_PREFERS_STRING_CATALOGS = YES;
				MTL_ENABLE_DEBUG_INFO = NO;
				MTL_FAST_MATH = YES;
				SDKROOT = iphoneos;
				SWIFT_COMPILATION_MODE = wholemodule;
				VALIDATE_PRODUCT = YES;
			};
			name = Release;
		};
		FD9012522C4E9E57003465C1 /* Debug */ = {
			isa = XCBuildConfiguration;
			baseConfigurationReference = 3640370C732C80CD0B6DA14A /* Pods-MovieFinderApp.debug.xcconfig */;
			buildSettings = {
				ASSETCATALOG_COMPILER_APPICON_NAME = AppIcon;
				ASSETCATALOG_COMPILER_GLOBAL_ACCENT_COLOR_NAME = AccentColor;
				CODE_SIGN_STYLE = Automatic;
				CURRENT_PROJECT_VERSION = 1;
				DEVELOPMENT_ASSET_PATHS = "\"MovieFinderApp/Preview Content\"";
				DEVELOPMENT_TEAM = A7ZG35C68N;
				ENABLE_PREVIEWS = YES;
				ENABLE_USER_SCRIPT_SANDBOXING = NO;
				EXCLUDED_ARCHS = "";
				GENERATE_INFOPLIST_FILE = YES;
				INFOPLIST_FILE = MovieFinderApp/Info.plist;
				INFOPLIST_KEY_CFBundleDisplayName = "";
				INFOPLIST_KEY_LSApplicationCategoryType = "public.app-category.education";
				INFOPLIST_KEY_UIApplicationSceneManifest_Generation = YES;
				INFOPLIST_KEY_UIApplicationSupportsIndirectInputEvents = YES;
				INFOPLIST_KEY_UILaunchScreen_Generation = YES;
				INFOPLIST_KEY_UISupportedInterfaceOrientations_iPad = "UIInterfaceOrientationPortrait UIInterfaceOrientationPortraitUpsideDown UIInterfaceOrientationLandscapeLeft UIInterfaceOrientationLandscapeRight";
				INFOPLIST_KEY_UISupportedInterfaceOrientations_iPhone = "UIInterfaceOrientationPortrait UIInterfaceOrientationLandscapeLeft UIInterfaceOrientationLandscapeRight";
				LD_RUNPATH_SEARCH_PATHS = (
					"$(inherited)",
					"@executable_path/Frameworks",
				);
				MARKETING_VERSION = 1.0;
				PRODUCT_BUNDLE_IDENTIFIER = com.zezuykov.MovieFinderApp;
				PRODUCT_NAME = "$(TARGET_NAME)";
				SWIFT_EMIT_LOC_STRINGS = YES;
				SWIFT_VERSION = 5.0;
				TARGETED_DEVICE_FAMILY = "1,2";
			};
			name = Debug;
		};
		FD9012532C4E9E57003465C1 /* Release */ = {
			isa = XCBuildConfiguration;
			baseConfigurationReference = F3CDC6CEDF05B54E8456E771 /* Pods-MovieFinderApp.release.xcconfig */;
			buildSettings = {
				ASSETCATALOG_COMPILER_APPICON_NAME = AppIcon;
				ASSETCATALOG_COMPILER_GLOBAL_ACCENT_COLOR_NAME = AccentColor;
				CODE_SIGN_STYLE = Automatic;
				CURRENT_PROJECT_VERSION = 1;
				DEVELOPMENT_ASSET_PATHS = "\"MovieFinderApp/Preview Content\"";
				DEVELOPMENT_TEAM = A7ZG35C68N;
				ENABLE_PREVIEWS = YES;
				ENABLE_USER_SCRIPT_SANDBOXING = NO;
				EXCLUDED_ARCHS = "";
				GENERATE_INFOPLIST_FILE = YES;
				INFOPLIST_FILE = MovieFinderApp/Info.plist;
				INFOPLIST_KEY_CFBundleDisplayName = "";
				INFOPLIST_KEY_LSApplicationCategoryType = "public.app-category.education";
				INFOPLIST_KEY_UIApplicationSceneManifest_Generation = YES;
				INFOPLIST_KEY_UIApplicationSupportsIndirectInputEvents = YES;
				INFOPLIST_KEY_UILaunchScreen_Generation = YES;
				INFOPLIST_KEY_UISupportedInterfaceOrientations_iPad = "UIInterfaceOrientationPortrait UIInterfaceOrientationPortraitUpsideDown UIInterfaceOrientationLandscapeLeft UIInterfaceOrientationLandscapeRight";
				INFOPLIST_KEY_UISupportedInterfaceOrientations_iPhone = "UIInterfaceOrientationPortrait UIInterfaceOrientationLandscapeLeft UIInterfaceOrientationLandscapeRight";
				LD_RUNPATH_SEARCH_PATHS = (
					"$(inherited)",
					"@executable_path/Frameworks",
				);
				MARKETING_VERSION = 1.0;
				ONLY_ACTIVE_ARCH = YES;
				PRODUCT_BUNDLE_IDENTIFIER = com.zezuykov.MovieFinderApp;
				PRODUCT_NAME = "$(TARGET_NAME)";
				SWIFT_EMIT_LOC_STRINGS = YES;
				SWIFT_VERSION = 5.0;
				TARGETED_DEVICE_FAMILY = "1,2";
			};
			name = Release;
		};
/* End XCBuildConfiguration section */

/* Begin XCConfigurationList section */
		FD90123E2C4E9E4D003465C1 /* Build configuration list for PBXProject "MovieFinderApp" */ = {
			isa = XCConfigurationList;
			buildConfigurations = (
				FD90124F2C4E9E57003465C1 /* Debug */,
				FD9012502C4E9E57003465C1 /* Release */,
			);
			defaultConfigurationIsVisible = 0;
			defaultConfigurationName = Release;
		};
		FD9012512C4E9E57003465C1 /* Build configuration list for PBXNativeTarget "MovieFinderApp" */ = {
			isa = XCConfigurationList;
			buildConfigurations = (
				FD9012522C4E9E57003465C1 /* Debug */,
				FD9012532C4E9E57003465C1 /* Release */,
			);
			defaultConfigurationIsVisible = 0;
			defaultConfigurationName = Release;
		};
/* End XCConfigurationList section */

/* Begin XCRemoteSwiftPackageReference section */
		FD8D42832C5118DB000E5C6B /* XCRemoteSwiftPackageReference "realm-swift" */ = {
			isa = XCRemoteSwiftPackageReference;
			repositoryURL = "https://github.com/realm/realm-swift.git";
			requirement = {
				branch = master;
				kind = branch;
			};
		};
/* End XCRemoteSwiftPackageReference section */

/* Begin XCSwiftPackageProductDependency section */
		FD8D42862C5118DB000E5C6B /* RealmSwift */ = {
			isa = XCSwiftPackageProductDependency;
			package = FD8D42832C5118DB000E5C6B /* XCRemoteSwiftPackageReference "realm-swift" */;
			productName = RealmSwift;
		};
/* End XCSwiftPackageProductDependency section */
	};
	rootObject = FD90123B2C4E9E4D003465C1 /* Project object */;
}
