// !$*UTF8*$!
{
	archiveVersion = 1;
	classes = {
	};
	objectVersion = 56;
	objects = {

/* Begin PBXBuildFile section */
		9A522FD9040396FDE3FAEC99 /* Pods_MovieFinderApp.framework in Frameworks */ = {isa = PBXBuildFile; fileRef = 9E50F7999C2F5B660FEEDD78 /* Pods_MovieFinderApp.framework */; };
		FD2EC77F2C50F9CB0028E7FD /* StringExtension.swift in Sources */ = {isa = PBXBuildFile; fileRef = FD2EC77E2C50F9CB0028E7FD /* StringExtension.swift */; };
		FD53781E2C4FE7EF009E1D5A /* MovieDetail.swift in Sources */ = {isa = PBXBuildFile; fileRef = FD53781D2C4FE7EF009E1D5A /* MovieDetail.swift */; };
		FD835CF82C4E9F76002F731F /* APIHelper.swift in Sources */ = {isa = PBXBuildFile; fileRef = FD835CF72C4E9F76002F731F /* APIHelper.swift */; };
		FD835CFB2C4EA1C0002F731F /* UserViewModel.swift in Sources */ = {isa = PBXBuildFile; fileRef = FD835CFA2C4EA1C0002F731F /* UserViewModel.swift */; };
		FD835CFD2C4EA1DC002F731F /* MovieViewModel.swift in Sources */ = {isa = PBXBuildFile; fileRef = FD835CFC2C4EA1DC002F731F /* MovieViewModel.swift */; };
		FD835D002C4EA1FF002F731F /* User.swift in Sources */ = {isa = PBXBuildFile; fileRef = FD835CFF2C4EA1FF002F731F /* User.swift */; };
		FD835D022C4EA219002F731F /* Movie.swift in Sources */ = {isa = PBXBuildFile; fileRef = FD835D012C4EA219002F731F /* Movie.swift */; };
		FD835D062C4EA491002F731F /* MovieResponse.swift in Sources */ = {isa = PBXBuildFile; fileRef = FD835D052C4EA490002F731F /* MovieResponse.swift */; };
		FD835D092C4EA726002F731F /* MovieListCard.swift in Sources */ = {isa = PBXBuildFile; fileRef = FD835D082C4EA726002F731F /* MovieListCard.swift */; };
		FD835D0B2C4EA733002F731F /* MovieList.swift in Sources */ = {isa = PBXBuildFile; fileRef = FD835D0A2C4EA733002F731F /* MovieList.swift */; };
		FD9012472C4E9E4D003465C1 /* MovieFinderApp.swift in Sources */ = {isa = PBXBuildFile; fileRef = FD9012462C4E9E4D003465C1 /* MovieFinderApp.swift */; };
		FD9012492C4E9E4D003465C1 /* ContentView.swift in Sources */ = {isa = PBXBuildFile; fileRef = FD9012482C4E9E4D003465C1 /* ContentView.swift */; };
		FD90124B2C4E9E57003465C1 /* Assets.xcassets in Resources */ = {isa = PBXBuildFile; fileRef = FD90124A2C4E9E57003465C1 /* Assets.xcassets */; };
		FD90124E2C4E9E57003465C1 /* Preview Assets.xcassets in Resources */ = {isa = PBXBuildFile; fileRef = FD90124D2C4E9E57003465C1 /* Preview Assets.xcassets */; };
/* End PBXBuildFile section */

/* Begin PBXFileReference section */
		3C62E6C095550BDBC2AB37F0 /* Pods-MovieFinderApp.release.xcconfig */ = {isa = PBXFileReference; includeInIndex = 1; lastKnownFileType = text.xcconfig; name = "Pods-MovieFinderApp.release.xcconfig"; path = "Target Support Files/Pods-MovieFinderApp/Pods-MovieFinderApp.release.xcconfig"; sourceTree = "<group>"; };
		9E50F7999C2F5B660FEEDD78 /* Pods_MovieFinderApp.framework */ = {isa = PBXFileReference; explicitFileType = wrapper.framework; includeInIndex = 0; path = Pods_MovieFinderApp.framework; sourceTree = BUILT_PRODUCTS_DIR; };
		F6CAD335156CE269F1D0DC78 /* Pods-MovieFinderApp.debug.xcconfig */ = {isa = PBXFileReference; includeInIndex = 1; lastKnownFileType = text.xcconfig; name = "Pods-MovieFinderApp.debug.xcconfig"; path = "Target Support Files/Pods-MovieFinderApp/Pods-MovieFinderApp.debug.xcconfig"; sourceTree = "<group>"; };
		FD2EC77E2C50F9CB0028E7FD /* StringExtension.swift */ = {isa = PBXFileReference; fileEncoding = 4; lastKnownFileType = sourcecode.swift; path = StringExtension.swift; sourceTree = "<group>"; };
		FD53781D2C4FE7EF009E1D5A /* MovieDetail.swift */ = {isa = PBXFileReference; lastKnownFileType = sourcecode.swift; path = MovieDetail.swift; sourceTree = "<group>"; };
		FD835CF72C4E9F76002F731F /* APIHelper.swift */ = {isa = PBXFileReference; lastKnownFileType = sourcecode.swift; path = APIHelper.swift; sourceTree = "<group>"; };
		FD835CFA2C4EA1C0002F731F /* UserViewModel.swift */ = {isa = PBXFileReference; lastKnownFileType = sourcecode.swift; path = UserViewModel.swift; sourceTree = "<group>"; };
		FD835CFC2C4EA1DC002F731F /* MovieViewModel.swift */ = {isa = PBXFileReference; lastKnownFileType = sourcecode.swift; path = MovieViewModel.swift; sourceTree = "<group>"; };
		FD835CFF2C4EA1FF002F731F /* User.swift */ = {isa = PBXFileReference; lastKnownFileType = sourcecode.swift; path = User.swift; sourceTree = "<group>"; };
		FD835D012C4EA219002F731F /* Movie.swift */ = {isa = PBXFileReference; lastKnownFileType = sourcecode.swift; path = Movie.swift; sourceTree = "<group>"; };
		FD835D052C4EA490002F731F /* MovieResponse.swift */ = {isa = PBXFileReference; lastKnownFileType = sourcecode.swift; path = MovieResponse.swift; sourceTree = "<group>"; };
		FD835D082C4EA726002F731F /* MovieListCard.swift */ = {isa = PBXFileReference; lastKnownFileType = sourcecode.swift; path = MovieListCard.swift; sourceTree = "<group>"; };
		FD835D0A2C4EA733002F731F /* MovieList.swift */ = {isa = PBXFileReference; lastKnownFileType = sourcecode.swift; path = MovieList.swift; sourceTree = "<group>"; };
		FD9012432C4E9E4D003465C1 /* MovieFinderApp.app */ = {isa = PBXFileReference; explicitFileType = wrapper.application; includeInIndex = 0; path = MovieFinderApp.app; sourceTree = BUILT_PRODUCTS_DIR; };
		FD9012462C4E9E4D003465C1 /* MovieFinderApp.swift */ = {isa = PBXFileReference; lastKnownFileType = sourcecode.swift; path = MovieFinderApp.swift; sourceTree = "<group>"; };
		FD9012482C4E9E4D003465C1 /* ContentView.swift */ = {isa = PBXFileReference; lastKnownFileType = sourcecode.swift; path = ContentView.swift; sourceTree = "<group>"; };
		FD90124A2C4E9E57003465C1 /* Assets.xcassets */ = {isa = PBXFileReference; lastKnownFileType = folder.assetcatalog; path = Assets.xcassets; sourceTree = "<group>"; };
		FD90124D2C4E9E57003465C1 /* Preview Assets.xcassets */ = {isa = PBXFileReference; lastKnownFileType = folder.assetcatalog; path = "Preview Assets.xcassets"; sourceTree = "<group>"; };
		FD9521EB2C4FAEDB0014A4E2 /* Info.plist */ = {isa = PBXFileReference; lastKnownFileType = text.plist; path = Info.plist; sourceTree = "<group>"; };
/* End PBXFileReference section */

/* Begin PBXFrameworksBuildPhase section */
		FD9012402C4E9E4D003465C1 /* Frameworks */ = {
			isa = PBXFrameworksBuildPhase;
			buildActionMask = 2147483647;
			files = (
				9A522FD9040396FDE3FAEC99 /* Pods_MovieFinderApp.framework in Frameworks */,
			);
			runOnlyForDeploymentPostprocessing = 0;
		};
/* End PBXFrameworksBuildPhase section */

/* Begin PBXGroup section */
		757FC6279EF0274C75632FD6 /* Frameworks */ = {
			isa = PBXGroup;
			children = (
				9E50F7999C2F5B660FEEDD78 /* Pods_MovieFinderApp.framework */,
			);
			name = Frameworks;
			sourceTree = "<group>";
		};
		B705EF62499F808663A3A78C /* Pods */ = {
			isa = PBXGroup;
			children = (
				F6CAD335156CE269F1D0DC78 /* Pods-MovieFinderApp.debug.xcconfig */,
				3C62E6C095550BDBC2AB37F0 /* Pods-MovieFinderApp.release.xcconfig */,
			);
			path = Pods;
			sourceTree = "<group>";
		};
		FD2EC77D2C50F9CB0028E7FD /* Extensions */ = {
			isa = PBXGroup;
			children = (
				FD2EC77E2C50F9CB0028E7FD /* StringExtension.swift */,
			);
			path = Extensions;
			sourceTree = "<group>";
		};
		FD835CF62C4E9F50002F731F /* Helpers */ = {
			isa = PBXGroup;
			children = (
				FD835CF72C4E9F76002F731F /* APIHelper.swift */,
				FD835D052C4EA490002F731F /* MovieResponse.swift */,
			);
			path = Helpers;
			sourceTree = "<group>";
		};
		FD835CF92C4EA1A7002F731F /* ViewModel */ = {
			isa = PBXGroup;
			children = (
				FD835CFA2C4EA1C0002F731F /* UserViewModel.swift */,
				FD835CFC2C4EA1DC002F731F /* MovieViewModel.swift */,
			);
			path = ViewModel;
			sourceTree = "<group>";
		};
		FD835CFE2C4EA1EF002F731F /* Model */ = {
			isa = PBXGroup;
			children = (
				FD835CFF2C4EA1FF002F731F /* User.swift */,
				FD835D012C4EA219002F731F /* Movie.swift */,
			);
			path = Model;
			sourceTree = "<group>";
		};
		FD835D072C4EA702002F731F /* Views */ = {
			isa = PBXGroup;
			children = (
				FD835D082C4EA726002F731F /* MovieListCard.swift */,
				FD835D0A2C4EA733002F731F /* MovieList.swift */,
				FD53781D2C4FE7EF009E1D5A /* MovieDetail.swift */,
			);
			path = Views;
			sourceTree = "<group>";
		};
		FD90123A2C4E9E4D003465C1 = {
			isa = PBXGroup;
			children = (
				FD9012452C4E9E4D003465C1 /* MovieFinderApp */,
				FD9012442C4E9E4D003465C1 /* Products */,
				B705EF62499F808663A3A78C /* Pods */,
				757FC6279EF0274C75632FD6 /* Frameworks */,
			);
			sourceTree = "<group>";
		};
		FD9012442C4E9E4D003465C1 /* Products */ = {
			isa = PBXGroup;
			children = (
				FD9012432C4E9E4D003465C1 /* MovieFinderApp.app */,
			);
			name = Products;
			sourceTree = "<group>";
		};
		FD9012452C4E9E4D003465C1 /* MovieFinderApp */ = {
			isa = PBXGroup;
			children = (
				FD9521EB2C4FAEDB0014A4E2 /* Info.plist */,
				FD2EC77D2C50F9CB0028E7FD /* Extensions */,
				FD835D072C4EA702002F731F /* Views */,
				FD835CFE2C4EA1EF002F731F /* Model */,
				FD835CF92C4EA1A7002F731F /* ViewModel */,
				FD9012462C4E9E4D003465C1 /* MovieFinderApp.swift */,
				FD835CF62C4E9F50002F731F /* Helpers */,
				FD9012482C4E9E4D003465C1 /* ContentView.swift */,
				FD90124A2C4E9E57003465C1 /* Assets.xcassets */,
				FD90124C2C4E9E57003465C1 /* Preview Content */,
			);
			path = MovieFinderApp;
			sourceTree = "<group>";
		};
		FD90124C2C4E9E57003465C1 /* Preview Content */ = {
			isa = PBXGroup;
			children = (
				FD90124D2C4E9E57003465C1 /* Preview Assets.xcassets */,
			);
			path = "Preview Content";
			sourceTree = "<group>";
		};
/* End PBXGroup section */

/* Begin PBXNativeTarget section */
		FD9012422C4E9E4D003465C1 /* MovieFinderApp */ = {
			isa = PBXNativeTarget;
			buildConfigurationList = FD9012512C4E9E57003465C1 /* Build configuration list for PBXNativeTarget "MovieFinderApp" */;
			buildPhases = (
				77A66342A70EEB3A3540EB78 /* [CP] Check Pods Manifest.lock */,
				FD03435E2C4FBB0700057CD8 /* ShellScript */,
				FD90123F2C4E9E4D003465C1 /* Sources */,
				FD9012402C4E9E4D003465C1 /* Frameworks */,
				FD9012412C4E9E4D003465C1 /* Resources */,
			);
			buildRules = (
			);
			dependencies = (
			);
			name = MovieFinderApp;
			productName = MovieFinderApp;
			productReference = FD9012432C4E9E4D003465C1 /* MovieFinderApp.app */;
			productType = "com.apple.product-type.application";
		};
/* End PBXNativeTarget section */

/* Begin PBXProject section */
		FD90123B2C4E9E4D003465C1 /* Project object */ = {
			isa = PBXProject;
			attributes = {
				BuildIndependentTargetsInParallel = 1;
				LastSwiftUpdateCheck = 1520;
				LastUpgradeCheck = 1520;
				TargetAttributes = {
					FD9012422C4E9E4D003465C1 = {
						CreatedOnToolsVersion = 15.2;
					};
				};
			};
			buildConfigurationList = FD90123E2C4E9E4D003465C1 /* Build configuration list for PBXProject "MovieFinderApp" */;
			compatibilityVersion = "Xcode 14.0";
			developmentRegion = en;
			hasScannedForEncodings = 0;
			knownRegions = (
				en,
				Base,
			);
			mainGroup = FD90123A2C4E9E4D003465C1;
			productRefGroup = FD9012442C4E9E4D003465C1 /* Products */;
			projectDirPath = "";
			projectRoot = "";
			targets = (
				FD9012422C4E9E4D003465C1 /* MovieFinderApp */,
			);
		};
/* End PBXProject section */

/* Begin PBXResourcesBuildPhase section */
		FD9012412C4E9E4D003465C1 /* Resources */ = {
			isa = PBXResourcesBuildPhase;
			buildActionMask = 2147483647;
			files = (
				FD90124E2C4E9E57003465C1 /* Preview Assets.xcassets in Resources */,
				FD90124B2C4E9E57003465C1 /* Assets.xcassets in Resources */,
			);
			runOnlyForDeploymentPostprocessing = 0;
		};
/* End PBXResourcesBuildPhase section */

/* Begin PBXShellScriptBuildPhase section */
		77A66342A70EEB3A3540EB78 /* [CP] Check Pods Manifest.lock */ = {
			isa = PBXShellScriptBuildPhase;
			buildActionMask = 2147483647;
			files = (
			);
			inputFileListPaths = (
			);
			inputPaths = (
				"${PODS_PODFILE_DIR_PATH}/Podfile.lock",
				"${PODS_ROOT}/Manifest.lock",
			);
			name = "[CP] Check Pods Manifest.lock";
			outputFileListPaths = (
			);
			outputPaths = (
				"$(DERIVED_FILE_DIR)/Pods-MovieFinderApp-checkManifestLockResult.txt",
			);
			runOnlyForDeploymentPostprocessing = 0;
			shellPath = /bin/sh;
			shellScript = "diff \"${PODS_PODFILE_DIR_PATH}/Podfile.lock\" \"${PODS_ROOT}/Manifest.lock\" > /dev/null\nif [ $? != 0 ] ; then\n    # print error to STDERR\n    echo \"error: The sandbox is not in sync with the Podfile.lock. Run 'pod install' or update your CocoaPods installation.\" >&2\n    exit 1\nfi\n# This output is used by Xcode 'outputs' to avoid re-running this script phase.\necho \"SUCCESS\" > \"${SCRIPT_OUTPUT_FILE_0}\"\n";
			showEnvVarsInLog = 0;
		};
		FD03435E2C4FBB0700057CD8 /* ShellScript */ = {
			isa = PBXShellScriptBuildPhase;
			buildActionMask = 2147483647;
			files = (
			);
			inputFileListPaths = (
			);
			inputPaths = (
			);
			outputFileListPaths = (
			);
			outputPaths = (
			);
			runOnlyForDeploymentPostprocessing = 0;
			shellPath = /bin/sh;
			shellScript = "# Type a script or drag a script file from your workspace to insert its path.\n\"${PODS_ROOT}/SwiftLint/swiftlint\"\n";
		};
/* End PBXShellScriptBuildPhase section */

/* Begin PBXSourcesBuildPhase section */
		FD90123F2C4E9E4D003465C1 /* Sources */ = {
			isa = PBXSourcesBuildPhase;
			buildActionMask = 2147483647;
			files = (
				FD835D022C4EA219002F731F /* Movie.swift in Sources */,
				FD835CF82C4E9F76002F731F /* APIHelper.swift in Sources */,
				FD835CFD2C4EA1DC002F731F /* MovieViewModel.swift in Sources */,
				FD835D002C4EA1FF002F731F /* User.swift in Sources */,
				FD835CFB2C4EA1C0002F731F /* UserViewModel.swift in Sources */,
				FD835D092C4EA726002F731F /* MovieListCard.swift in Sources */,
				FD835D062C4EA491002F731F /* MovieResponse.swift in Sources */,
				FD9012492C4E9E4D003465C1 /* ContentView.swift in Sources */,
				FD2EC77F2C50F9CB0028E7FD /* StringExtension.swift in Sources */,
				FD835D0B2C4EA733002F731F /* MovieList.swift in Sources */,
				FD9012472C4E9E4D003465C1 /* MovieFinderApp.swift in Sources */,
				FD53781E2C4FE7EF009E1D5A /* MovieDetail.swift in Sources */,
			);
			runOnlyForDeploymentPostprocessing = 0;
		};
/* End PBXSourcesBuildPhase section */

/* Begin XCBuildConfiguration section */
		FD90124F2C4E9E57003465C1 /* Debug */ = {
			isa = XCBuildConfiguration;
			buildSettings = {
				ALWAYS_SEARCH_USER_PATHS = NO;
				ASSETCATALOG_COMPILER_GENERATE_SWIFT_ASSET_SYMBOL_EXTENSIONS = YES;
				CLANG_ANALYZER_NONNULL = YES;
				CLANG_ANALYZER_NUMBER_OBJECT_CONVERSION = YES_AGGRESSIVE;
				CLANG_CXX_LANGUAGE_STANDARD = "gnu++20";
				CLANG_ENABLE_MODULES = YES;
				CLANG_ENABLE_OBJC_ARC = YES;
				CLANG_ENABLE_OBJC_WEAK = YES;
				CLANG_WARN_BLOCK_CAPTURE_AUTORELEASING = YES;
				CLANG_WARN_BOOL_CONVERSION = YES;
				CLANG_WARN_COMMA = YES;
				CLANG_WARN_CONSTANT_CONVERSION = YES;
				CLANG_WARN_DEPRECATED_OBJC_IMPLEMENTATIONS = YES;
				CLANG_WARN_DIRECT_OBJC_ISA_USAGE = YES_ERROR;
				CLANG_WARN_DOCUMENTATION_COMMENTS = YES;
				CLANG_WARN_EMPTY_BODY = YES;
				CLANG_WARN_ENUM_CONVERSION = YES;
				CLANG_WARN_INFINITE_RECURSION = YES;
				CLANG_WARN_INT_CONVERSION = YES;
				CLANG_WARN_NON_LITERAL_NULL_CONVERSION = YES;
				CLANG_WARN_OBJC_IMPLICIT_RETAIN_SELF = YES;
				CLANG_WARN_OBJC_LITERAL_CONVERSION = YES;
				CLANG_WARN_OBJC_ROOT_CLASS = YES_ERROR;
				CLANG_WARN_QUOTED_INCLUDE_IN_FRAMEWORK_HEADER = YES;
				CLANG_WARN_RANGE_LOOP_ANALYSIS = YES;
				CLANG_WARN_STRICT_PROTOTYPES = YES;
				CLANG_WARN_SUSPICIOUS_MOVE = YES;
				CLANG_WARN_UNGUARDED_AVAILABILITY = YES_AGGRESSIVE;
				CLANG_WARN_UNREACHABLE_CODE = YES;
				CLANG_WARN__DUPLICATE_METHOD_MATCH = YES;
				COPY_PHASE_STRIP = NO;
				DEBUG_INFORMATION_FORMAT = dwarf;
				ENABLE_STRICT_OBJC_MSGSEND = YES;
				ENABLE_TESTABILITY = YES;
				ENABLE_USER_SCRIPT_SANDBOXING = NO;
				EXCLUDED_ARCHS = arm64;
				GCC_C_LANGUAGE_STANDARD = gnu17;
				GCC_DYNAMIC_NO_PIC = NO;
				GCC_NO_COMMON_BLOCKS = YES;
				GCC_OPTIMIZATION_LEVEL = 0;
				GCC_PREPROCESSOR_DEFINITIONS = (
					"DEBUG=1",
					"$(inherited)",
				);
				GCC_WARN_64_TO_32_BIT_CONVERSION = YES;
				GCC_WARN_ABOUT_RETURN_TYPE = YES_ERROR;
				GCC_WARN_UNDECLARED_SELECTOR = YES;
				GCC_WARN_UNINITIALIZED_AUTOS = YES_AGGRESSIVE;
				GCC_WARN_UNUSED_FUNCTION = YES;
				GCC_WARN_UNUSED_VARIABLE = YES;
				IPHONEOS_DEPLOYMENT_TARGET = 17.2;
				LOCALIZATION_PREFERS_STRING_CATALOGS = YES;
				MTL_ENABLE_DEBUG_INFO = INCLUDE_SOURCE;
				MTL_FAST_MATH = YES;
				ONLY_ACTIVE_ARCH = YES;
				SDKROOT = iphoneos;
				SWIFT_ACTIVE_COMPILATION_CONDITIONS = "DEBUG $(inherited)";
				SWIFT_OPTIMIZATION_LEVEL = "-Onone";
			};
			name = Debug;
		};
		FD9012502C4E9E57003465C1 /* Release */ = {
			isa = XCBuildConfiguration;
			buildSettings = {
				ALWAYS_SEARCH_USER_PATHS = NO;
				ASSETCATALOG_COMPILER_GENERATE_SWIFT_ASSET_SYMBOL_EXTENSIONS = YES;
				CLANG_ANALYZER_NONNULL = YES;
				CLANG_ANALYZER_NUMBER_OBJECT_CONVERSION = YES_AGGRESSIVE;
				CLANG_CXX_LANGUAGE_STANDARD = "gnu++20";
				CLANG_ENABLE_MODULES = YES;
				CLANG_ENABLE_OBJC_ARC = YES;
				CLANG_ENABLE_OBJC_WEAK = YES;
				CLANG_WARN_BLOCK_CAPTURE_AUTORELEASING = YES;
				CLANG_WARN_BOOL_CONVERSION = YES;
				CLANG_WARN_COMMA = YES;
				CLANG_WARN_CONSTANT_CONVERSION = YES;
				CLANG_WARN_DEPRECATED_OBJC_IMPLEMENTATIONS = YES;
				CLANG_WARN_DIRECT_OBJC_ISA_USAGE = YES_ERROR;
				CLANG_WARN_DOCUMENTATION_COMMENTS = YES;
				CLANG_WARN_EMPTY_BODY = YES;
				CLANG_WARN_ENUM_CONVERSION = YES;
				CLANG_WARN_INFINITE_RECURSION = YES;
				CLANG_WARN_INT_CONVERSION = YES;
				CLANG_WARN_NON_LITERAL_NULL_CONVERSION = YES;
				CLANG_WARN_OBJC_IMPLICIT_RETAIN_SELF = YES;
				CLANG_WARN_OBJC_LITERAL_CONVERSION = YES;
				CLANG_WARN_OBJC_ROOT_CLASS = YES_ERROR;
				CLANG_WARN_QUOTED_INCLUDE_IN_FRAMEWORK_HEADER = YES;
				CLANG_WARN_RANGE_LOOP_ANALYSIS = YES;
				CLANG_WARN_STRICT_PROTOTYPES = YES;
				CLANG_WARN_SUSPICIOUS_MOVE = YES;
				CLANG_WARN_UNGUARDED_AVAILABILITY = YES_AGGRESSIVE;
				CLANG_WARN_UNREACHABLE_CODE = YES;
				CLANG_WARN__DUPLICATE_METHOD_MATCH = YES;
				COPY_PHASE_STRIP = NO;
				DEBUG_INFORMATION_FORMAT = "dwarf-with-dsym";
				ENABLE_NS_ASSERTIONS = NO;
				ENABLE_STRICT_OBJC_MSGSEND = YES;
				ENABLE_USER_SCRIPT_SANDBOXING = NO;
				EXCLUDED_ARCHS = arm64;
				GCC_C_LANGUAGE_STANDARD = gnu17;
				GCC_NO_COMMON_BLOCKS = YES;
				GCC_WARN_64_TO_32_BIT_CONVERSION = YES;
				GCC_WARN_ABOUT_RETURN_TYPE = YES_ERROR;
				GCC_WARN_UNDECLARED_SELECTOR = YES;
				GCC_WARN_UNINITIALIZED_AUTOS = YES_AGGRESSIVE;
				GCC_WARN_UNUSED_FUNCTION = YES;
				GCC_WARN_UNUSED_VARIABLE = YES;
				IPHONEOS_DEPLOYMENT_TARGET = 17.2;
				LOCALIZATION_PREFERS_STRING_CATALOGS = YES;
				MTL_ENABLE_DEBUG_INFO = NO;
				MTL_FAST_MATH = YES;
				SDKROOT = iphoneos;
				SWIFT_COMPILATION_MODE = wholemodule;
				VALIDATE_PRODUCT = YES;
			};
			name = Release;
		};
		FD9012522C4E9E57003465C1 /* Debug */ = {
			isa = XCBuildConfiguration;
			baseConfigurationReference = F6CAD335156CE269F1D0DC78 /* Pods-MovieFinderApp.debug.xcconfig */;
			buildSettings = {
				ASSETCATALOG_COMPILER_APPICON_NAME = AppIcon;
				ASSETCATALOG_COMPILER_GLOBAL_ACCENT_COLOR_NAME = AccentColor;
				CODE_SIGN_STYLE = Automatic;
				CURRENT_PROJECT_VERSION = 1;
				DEVELOPMENT_ASSET_PATHS = "\"MovieFinderApp/Preview Content\"";
				DEVELOPMENT_TEAM = A7ZG35C68N;
				ENABLE_PREVIEWS = YES;
				ENABLE_USER_SCRIPT_SANDBOXING = NO;
				EXCLUDED_ARCHS = "";
				GENERATE_INFOPLIST_FILE = YES;
				INFOPLIST_FILE = MovieFinderApp/Info.plist;
				INFOPLIST_KEY_CFBundleDisplayName = "";
				INFOPLIST_KEY_LSApplicationCategoryType = "public.app-category.education";
				INFOPLIST_KEY_UIApplicationSceneManifest_Generation = YES;
				INFOPLIST_KEY_UIApplicationSupportsIndirectInputEvents = YES;
				INFOPLIST_KEY_UILaunchScreen_Generation = YES;
				INFOPLIST_KEY_UISupportedInterfaceOrientations_iPad = "UIInterfaceOrientationPortrait UIInterfaceOrientationPortraitUpsideDown UIInterfaceOrientationLandscapeLeft UIInterfaceOrientationLandscapeRight";
				INFOPLIST_KEY_UISupportedInterfaceOrientations_iPhone = "UIInterfaceOrientationPortrait UIInterfaceOrientationLandscapeLeft UIInterfaceOrientationLandscapeRight";
				LD_RUNPATH_SEARCH_PATHS = (
					"$(inherited)",
					"@executable_path/Frameworks",
				);
				MARKETING_VERSION = 1.0;
				PRODUCT_BUNDLE_IDENTIFIER = com.zezuykov.MovieFinderApp;
				PRODUCT_NAME = "$(TARGET_NAME)";
				SWIFT_EMIT_LOC_STRINGS = YES;
				SWIFT_VERSION = 5.0;
				TARGETED_DEVICE_FAMILY = "1,2";
			};
			name = Debug;
		};
		FD9012532C4E9E57003465C1 /* Release */ = {
			isa = XCBuildConfiguration;
			baseConfigurationReference = 3C62E6C095550BDBC2AB37F0 /* Pods-MovieFinderApp.release.xcconfig */;
			buildSettings = {
				ASSETCATALOG_COMPILER_APPICON_NAME = AppIcon;
				ASSETCATALOG_COMPILER_GLOBAL_ACCENT_COLOR_NAME = AccentColor;
				CODE_SIGN_STYLE = Automatic;
				CURRENT_PROJECT_VERSION = 1;
				DEVELOPMENT_ASSET_PATHS = "\"MovieFinderApp/Preview Content\"";
				DEVELOPMENT_TEAM = A7ZG35C68N;
				ENABLE_PREVIEWS = YES;
				ENABLE_USER_SCRIPT_SANDBOXING = NO;
				EXCLUDED_ARCHS = "";
				GENERATE_INFOPLIST_FILE = YES;
				INFOPLIST_FILE = MovieFinderApp/Info.plist;
				INFOPLIST_KEY_CFBundleDisplayName = "";
				INFOPLIST_KEY_LSApplicationCategoryType = "public.app-category.education";
				INFOPLIST_KEY_UIApplicationSceneManifest_Generation = YES;
				INFOPLIST_KEY_UIApplicationSupportsIndirectInputEvents = YES;
				INFOPLIST_KEY_UILaunchScreen_Generation = YES;
				INFOPLIST_KEY_UISupportedInterfaceOrientations_iPad = "UIInterfaceOrientationPortrait UIInterfaceOrientationPortraitUpsideDown UIInterfaceOrientationLandscapeLeft UIInterfaceOrientationLandscapeRight";
				INFOPLIST_KEY_UISupportedInterfaceOrientations_iPhone = "UIInterfaceOrientationPortrait UIInterfaceOrientationLandscapeLeft UIInterfaceOrientationLandscapeRight";
				LD_RUNPATH_SEARCH_PATHS = (
					"$(inherited)",
					"@executable_path/Frameworks",
				);
				MARKETING_VERSION = 1.0;
				ONLY_ACTIVE_ARCH = YES;
				PRODUCT_BUNDLE_IDENTIFIER = com.zezuykov.MovieFinderApp;
				PRODUCT_NAME = "$(TARGET_NAME)";
				SWIFT_EMIT_LOC_STRINGS = YES;
				SWIFT_VERSION = 5.0;
				TARGETED_DEVICE_FAMILY = "1,2";
			};
			name = Release;
		};
/* End XCBuildConfiguration section */

/* Begin XCConfigurationList section */
		FD90123E2C4E9E4D003465C1 /* Build configuration list for PBXProject "MovieFinderApp" */ = {
			isa = XCConfigurationList;
			buildConfigurations = (
				FD90124F2C4E9E57003465C1 /* Debug */,
				FD9012502C4E9E57003465C1 /* Release */,
			);
			defaultConfigurationIsVisible = 0;
			defaultConfigurationName = Release;
		};
		FD9012512C4E9E57003465C1 /* Build configuration list for PBXNativeTarget "MovieFinderApp" */ = {
			isa = XCConfigurationList;
			buildConfigurations = (
				FD9012522C4E9E57003465C1 /* Debug */,
				FD9012532C4E9E57003465C1 /* Release */,
			);
			defaultConfigurationIsVisible = 0;
			defaultConfigurationName = Release;
		};
/* End XCConfigurationList section */
	};
	rootObject = FD90123B2C4E9E4D003465C1 /* Project object */;
}
